github.com/cmd-stream/base-go v0.0.0-20230730131136-652b0761abe5 h1:I3joTppawN60puIwEFa1IPjzchCSJmUIW4inz+ujd9o=
github.com/cmd-stream/base-go v0.0.0-20230730131136-652b0761abe5/go.mod h1:ZUCdKHgEoLQEWLU6q29UJIfgLkI2i3BGJUKfUseS6vE=
github.com/cmd-stream/delegate-go v0.0.0-20230730165641-7d3745dd1c4a h1:gnXIZAAc0+crdcN7qsXssL299qKjHQ5E0FSTpNg6ifE=
github.com/cmd-stream/delegate-go v0.0.0-20230730165641-7d3745dd1c4a/go.mod h1:371COcRWfAbEcWZXn96BpDcfJ4FWOEpBnVqa4c5tg+g=
github.com/mus-format/common-go v0.0.0-20230710151318-833807f397c9 h1:4cicy2t1yGX2GvMLNzxWeYWseEdNa+ryiWCQK6BpgT4=
github.com/mus-format/common-go v0.0.0-20230710151318-833807f397c9/go.mod h1:5sn4NSNGbbz1jKRmn2q9oFKEkz7Vtv1NxBNxuMYabMc=
github.com/mus-format/mus-stream-go v0.1.2 h1:KgqbFoD+69+l9wnok35hq5Yd29JIvZLsKQmhw3y9I3s=
github.com/mus-format/mus-stream-go v0.1.2/go.mod h1:DtX/qgUr4BMBUBNY8pfuJaXbl2SKt+t9KskyYPbiqio=
github.com/ymz-ncnk/mok v0.1.0 h1:GwOBkbcg1pznoDVLcS5uc2lA5UyT5TktFm7L/kyQNKQ=
github.com/ymz-ncnk/mok v0.1.0/go.mod h1:ieogm8yEogRr2OSLelrB38i4ZAWSmGhizWj9UQKm6+0=
golang.org/x/exp v0.0.0-20230728194245-b0cb94b80691 h1:/yRP+0AN7mf5DkD3BAI6TOFnd51gEoDEb8o35jIFtgw=
golang.org/x/exp v0.0.0-20230728194245-b0cb94b80691/go.mod h1:FXUEEKJgO7OQYeo8N01OfiKP8RXMtf6e8aTskBGqWdc=
